
Microsoft Visual Studio Solution File, Format Version 12.00
# Visual Studio Version 17
VisualStudioVersion = 17.11.35303.130
MinimumVisualStudioVersion = 10.0.40219.1
Project("{9A19103F-16F7-4668-BE54-9A1E7A4F7556}") = "ThrottlingTrollSampleWeb", "ThrottlingTrollSampleWeb\ThrottlingTrollSampleWeb.csproj", "{1F580964-8774-425B-BA1A-B45247174003}"
EndProject
Global
	GlobalSection(SolutionConfigurationPlatforms) = preSolution
		Debug|Any CPU = Debug|Any CPU
		Release|Any CPU = Release|Any CPU
	EndGlobalSection
	GlobalSection(ProjectConfigurationPlatforms) = postSolution
		{1F580964-8774-425B-BA1A-B45247174003}.Debug|Any CPU.ActiveCfg = Debug|Any CPU
		{1F580964-8774-425B-BA1A-B45247174003}.Debug|Any CPU.Build.0 = Debug|Any CPU
		{1F580964-8774-425B-BA1A-B45247174003}.Release|Any CPU.ActiveCfg = Release|Any CPU
		{1F580964-8774-425B-BA1A-B45247174003}.Release|Any CPU.Build.0 = Release|Any CPU
	EndGlobalSection
	GlobalSection(SolutionProperties) = preSolution
		HideSolutionNode = FALSE
	EndGlobalSection
	GlobalSection(ExtensibilityGlobals) = postSolution
		SolutionGuid = {53DF40BF-A288-4308-95A6-4E6C6B14900A}
	EndGlobalSection
EndGlobal
